
Microsoft Visual Studio Solution File, Format Version 12.00
# Visual Studio Version 17
VisualStudioVersion = 17.1.31903.286
MinimumVisualStudioVersion = 10.0.40219.1
Project("{FAE04EC0-301F-11D3-BF4B-00C04F79EFBC}") = "vs-commitizen", "vs-commitizen\vs-commitizen.csproj", "{8382BF18-B8BC-4C54-9826-8D9D20CD868D}"
	ProjectSection(ProjectDependencies) = postProject
		{38ED23EE-2ABC-4F64-8602-F42BE05F2578} = {38ED23EE-2ABC-4F64-8602-F42BE05F2578}
		{C6ECB6FF-D446-499C-B3CC-DB5CB6455DB7} = {C6ECB6FF-D446-499C-B3CC-DB5CB6455DB7}
	EndProjectSection
EndProject
Project("{2150E333-8FDC-42A3-9474-1A3956D46DE8}") = ".paket", ".paket", "{942BEB9A-F3B2-40AF-B0AD-06AD10F47973}"
	ProjectSection(SolutionItems) = preProject
		paket.dependencies = paket.dependencies
		paket.lock = paket.lock
	EndProjectSection
EndProject
Project("{FAE04EC0-301F-11D3-BF4B-00C04F79EFBC}") = "ViewTest", "ViewTest\ViewTest.csproj", "{DBA24F27-9A32-4047-976D-14AE0485625E}"
EndProject
Project("{2150E333-8FDC-42A3-9474-1A3956D46DE8}") = "Tests", "Tests", "{03ACD37F-D91C-441C-BF6C-732F0F89C426}"
EndProject
Project("{FAE04EC0-301F-11D3-BF4B-00C04F79EFBC}") = "vs-commitizen.Tests", "vs-commitizen.Tests\vs-commitizen.Tests.csproj", "{DEBEADBD-D754-46A3-8AFB-6C8D5657B535}"
EndProject
Project("{FAE04EC0-301F-11D3-BF4B-00C04F79EFBC}") = "vs-commitizen.Settings", "vs-commitizen.settings\vs-commitizen.Settings.csproj", "{1952D753-DC63-46B4-9561-7D84CF215D6A}"
EndProject
Project("{FAE04EC0-301F-11D3-BF4B-00C04F79EFBC}") = "vs-commitizen.vs2019", "vs-commitizen.vs2019\vs-commitizen.vs2019.csproj", "{C6ECB6FF-D446-499C-B3CC-DB5CB6455DB7}"
EndProject
Project("{FAE04EC0-301F-11D3-BF4B-00C04F79EFBC}") = "vs-commitizen.vs2022", "vs-commitizen.vs2022\vs-commitizen.vs2022.csproj", "{38ED23EE-2ABC-4F64-8602-F42BE05F2578}"
EndProject
Project("{D954291E-2A0B-460D-934E-DC6B0785DB48}") = "vs-commitizen.Shared", "vs-commitizen.Shared\vs-commitizen.Shared.shproj", "{A79C81F6-3B70-4BE2-83BE-DA2E0A8FB67E}"
EndProject
Global
	GlobalSection(SharedMSBuildProjectFiles) = preSolution
		vs-commitizen.Shared\vs-commitizen.Shared.projitems*{38ed23ee-2abc-4f64-8602-f42be05f2578}*SharedItemsImports = 4
		vs-commitizen.Shared\vs-commitizen.Shared.projitems*{a79c81f6-3b70-4be2-83be-da2e0a8fb67e}*SharedItemsImports = 13
		vs-commitizen.Shared\vs-commitizen.Shared.projitems*{c6ecb6ff-d446-499c-b3cc-db5cb6455db7}*SharedItemsImports = 4
	EndGlobalSection
	GlobalSection(SolutionConfigurationPlatforms) = preSolution
		Debug|Any CPU = Debug|Any CPU
		Release|Any CPU = Release|Any CPU
		Tests|Any CPU = Tests|Any CPU
	EndGlobalSection
	GlobalSection(ProjectConfigurationPlatforms) = postSolution
		{8382BF18-B8BC-4C54-9826-8D9D20CD868D}.Debug|Any CPU.ActiveCfg = Debug|Any CPU
		{8382BF18-B8BC-4C54-9826-8D9D20CD868D}.Debug|Any CPU.Build.0 = Debug|Any CPU
		{8382BF18-B8BC-4C54-9826-8D9D20CD868D}.Release|Any CPU.ActiveCfg = Release|Any CPU
		{8382BF18-B8BC-4C54-9826-8D9D20CD868D}.Release|Any CPU.Build.0 = Release|Any CPU
		{8382BF18-B8BC-4C54-9826-8D9D20CD868D}.Tests|Any CPU.ActiveCfg = Tests|Any CPU
		{8382BF18-B8BC-4C54-9826-8D9D20CD868D}.Tests|Any CPU.Build.0 = Tests|Any CPU
		{DBA24F27-9A32-4047-976D-14AE0485625E}.Debug|Any CPU.ActiveCfg = Debug|Any CPU
		{DBA24F27-9A32-4047-976D-14AE0485625E}.Debug|Any CPU.Build.0 = Debug|Any CPU
		{DBA24F27-9A32-4047-976D-14AE0485625E}.Release|Any CPU.ActiveCfg = Release|Any CPU
		{DBA24F27-9A32-4047-976D-14AE0485625E}.Release|Any CPU.Build.0 = Release|Any CPU
		{DBA24F27-9A32-4047-976D-14AE0485625E}.Tests|Any CPU.ActiveCfg = Tests|Any CPU
		{DBA24F27-9A32-4047-976D-14AE0485625E}.Tests|Any CPU.Build.0 = Tests|Any CPU
		{DEBEADBD-D754-46A3-8AFB-6C8D5657B535}.Debug|Any CPU.ActiveCfg = Debug|Any CPU
		{DEBEADBD-D754-46A3-8AFB-6C8D5657B535}.Debug|Any CPU.Build.0 = Debug|Any CPU
		{DEBEADBD-D754-46A3-8AFB-6C8D5657B535}.Release|Any CPU.ActiveCfg = Release|Any CPU
		{DEBEADBD-D754-46A3-8AFB-6C8D5657B535}.Release|Any CPU.Build.0 = Release|Any CPU
		{DEBEADBD-D754-46A3-8AFB-6C8D5657B535}.Tests|Any CPU.ActiveCfg = Tests|Any CPU
		{DEBEADBD-D754-46A3-8AFB-6C8D5657B535}.Tests|Any CPU.Build.0 = Tests|Any CPU
		{1952D753-DC63-46B4-9561-7D84CF215D6A}.Debug|Any CPU.ActiveCfg = Debug|Any CPU
		{1952D753-DC63-46B4-9561-7D84CF215D6A}.Debug|Any CPU.Build.0 = Debug|Any CPU
		{1952D753-DC63-46B4-9561-7D84CF215D6A}.Release|Any CPU.ActiveCfg = Release|Any CPU
		{1952D753-DC63-46B4-9561-7D84CF215D6A}.Release|Any CPU.Build.0 = Release|Any CPU
		{1952D753-DC63-46B4-9561-7D84CF215D6A}.Tests|Any CPU.ActiveCfg = Tests|Any CPU
		{1952D753-DC63-46B4-9561-7D84CF215D6A}.Tests|Any CPU.Build.0 = Tests|Any CPU
		{C6ECB6FF-D446-499C-B3CC-DB5CB6455DB7}.Debug|Any CPU.ActiveCfg = Debug|Any CPU
		{C6ECB6FF-D446-499C-B3CC-DB5CB6455DB7}.Debug|Any CPU.Build.0 = Debug|Any CPU
		{C6ECB6FF-D446-499C-B3CC-DB5CB6455DB7}.Release|Any CPU.ActiveCfg = Release|Any CPU
		{C6ECB6FF-D446-499C-B3CC-DB5CB6455DB7}.Release|Any CPU.Build.0 = Release|Any CPU
		{C6ECB6FF-D446-499C-B3CC-DB5CB6455DB7}.Tests|Any CPU.ActiveCfg = Tests|Any CPU
		{C6ECB6FF-D446-499C-B3CC-DB5CB6455DB7}.Tests|Any CPU.Build.0 = Tests|Any CPU
		{38ED23EE-2ABC-4F64-8602-F42BE05F2578}.Debug|Any CPU.ActiveCfg = Debug|Any CPU
		{38ED23EE-2ABC-4F64-8602-F42BE05F2578}.Debug|Any CPU.Build.0 = Debug|Any CPU
		{38ED23EE-2ABC-4F64-8602-F42BE05F2578}.Release|Any CPU.ActiveCfg = Release|Any CPU
		{38ED23EE-2ABC-4F64-8602-F42BE05F2578}.Release|Any CPU.Build.0 = Release|Any CPU
		{38ED23EE-2ABC-4F64-8602-F42BE05F2578}.Tests|Any CPU.ActiveCfg = Tests|Any CPU
		{38ED23EE-2ABC-4F64-8602-F42BE05F2578}.Tests|Any CPU.Build.0 = Tests|Any CPU
	EndGlobalSection
	GlobalSection(SolutionProperties) = preSolution
		HideSolutionNode = FALSE
	EndGlobalSection
	GlobalSection(NestedProjects) = preSolution
		{DBA24F27-9A32-4047-976D-14AE0485625E} = {03ACD37F-D91C-441C-BF6C-732F0F89C426}
		{DEBEADBD-D754-46A3-8AFB-6C8D5657B535} = {03ACD37F-D91C-441C-BF6C-732F0F89C426}
	EndGlobalSection
	GlobalSection(ExtensibilityGlobals) = postSolution
		SolutionGuid = {FE6FAC8F-DB03-445B-B49C-F8D1C8A932EC}
	EndGlobalSection
EndGlobal
